
Microsoft Visual Studio Solution File, Format Version 12.00
# Visual Studio 15
VisualStudioVersion = 15.0.28307.705
MinimumVisualStudioVersion = 10.0.40219.1
Project("{FAE04EC0-301F-11D3-BF4B-00C04F79EFBC}") = "ReportingOnline", "ReportingOnline\ReportingOnline.csproj", "{F20ACFBE-6DED-4D64-AFC4-D4E4544610A9}"
EndProject
Global
	GlobalSection(SolutionConfigurationPlatforms) = preSolution
		Debug|Any CPU = Debug|Any CPU
		Release|Any CPU = Release|Any CPU
	EndGlobalSection
	GlobalSection(ProjectConfigurationPlatforms) = postSolution
		{F20ACFBE-6DED-4D64-AFC4-D4E4544610A9}.Debug|Any CPU.ActiveCfg = Debug|Any CPU
		{F20ACFBE-6DED-4D64-AFC4-D4E4544610A9}.Debug|Any CPU.Build.0 = Debug|Any CPU
		{F20ACFBE-6DED-4D64-AFC4-D4E4544610A9}.Release|Any CPU.ActiveCfg = Release|Any CPU
		{F20ACFBE-6DED-4D64-AFC4-D4E4544610A9}.Release|Any CPU.Build.0 = Release|Any CPU
	EndGlobalSection
	GlobalSection(SolutionProperties) = preSolution
		HideSolutionNode = FALSE
	EndGlobalSection
	GlobalSection(ExtensibilityGlobals) = postSolution
		SolutionGuid = {4BAE009B-F730-48B9-9582-1BA62562FC3A}
	EndGlobalSection
EndGlobal
